// !$*UTF8*$!
{
	archiveVersion = 1;
	classes = {
	};
	objectVersion = 46;
	objects = {

/* Begin PBXBuildFile section */
		EC6226601EE7D6B100BCD8C1 /* AppDelegate.swift in Sources */ = {isa = PBXBuildFile; fileRef = EC62265F1EE7D6B100BCD8C1 /* AppDelegate.swift */; };
		EC6226621EE7D6B100BCD8C1 /* ViewController.swift in Sources */ = {isa = PBXBuildFile; fileRef = EC6226611EE7D6B100BCD8C1 /* ViewController.swift */; };
		EC6226651EE7D6B100BCD8C1 /* Main.storyboard in Resources */ = {isa = PBXBuildFile; fileRef = EC6226631EE7D6B100BCD8C1 /* Main.storyboard */; };
		EC6226681EE7D6B100BCD8C1 /* pro1.xcdatamodeld in Sources */ = {isa = PBXBuildFile; fileRef = EC6226661EE7D6B100BCD8C1 /* pro1.xcdatamodeld */; };
		EC62266A1EE7D6B200BCD8C1 /* Assets.xcassets in Resources */ = {isa = PBXBuildFile; fileRef = EC6226691EE7D6B200BCD8C1 /* Assets.xcassets */; };
		EC62266D1EE7D6B200BCD8C1 /* LaunchScreen.storyboard in Resources */ = {isa = PBXBuildFile; fileRef = EC62266B1EE7D6B200BCD8C1 /* LaunchScreen.storyboard */; };
/* End PBXBuildFile section */

/* Begin PBXFileReference section */
		EC62265C1EE7D6B100BCD8C1 /* pro1.app */ = {isa = PBXFileReference; explicitFileType = wrapper.application; includeInIndex = 0; path = pro1.app; sourceTree = BUILT_PRODUCTS_DIR; };
		EC62265F1EE7D6B100BCD8C1 /* AppDelegate.swift */ = {isa = PBXFileReference; lastKnownFileType = sourcecode.swift; path = AppDelegate.swift; sourceTree = "<group>"; };
		EC6226611EE7D6B100BCD8C1 /* ViewController.swift */ = {isa = PBXFileReference; lastKnownFileType = sourcecode.swift; path = ViewController.swift; sourceTree = "<group>"; };
		EC6226641EE7D6B100BCD8C1 /* Base */ = {isa = PBXFileReference; lastKnownFileType = file.storyboard; name = Base; path = Base.lproj/Main.storyboard; sourceTree = "<group>"; };
		EC6226671EE7D6B100BCD8C1 /* pro1.xcdatamodel */ = {isa = PBXFileReference; lastKnownFileType = wrapper.xcdatamodel; path = pro1.xcdatamodel; sourceTree = "<group>"; };
		EC6226691EE7D6B200BCD8C1 /* Assets.xcassets */ = {isa = PBXFileReference; lastKnownFileType = folder.assetcatalog; path = Assets.xcassets; sourceTree = "<group>"; };
		EC62266C1EE7D6B200BCD8C1 /* Base */ = {isa = PBXFileReference; lastKnownFileType = file.storyboard; name = Base; path = Base.lproj/LaunchScreen.storyboard; sourceTree = "<group>"; };
		EC62266E1EE7D6B200BCD8C1 /* Info.plist */ = {isa = PBXFileReference; lastKnownFileType = text.plist.xml; path = Info.plist; sourceTree = "<group>"; };
/* End PBXFileReference section */

/* Begin PBXFrameworksBuildPhase section */
		EC6226591EE7D6B100BCD8C1 /* Frameworks */ = {
			isa = PBXFrameworksBuildPhase;
			buildActionMask = 2147483647;
			files = (
			);
			runOnlyForDeploymentPostprocessing = 0;
		};
/* End PBXFrameworksBuildPhase section */

/* Begin PBXGroup section */
		EC6226531EE7D6B100BCD8C1 = {
			isa = PBXGroup;
			children = (
				EC62265E1EE7D6B100BCD8C1 /* pro1 */,
				EC62265D1EE7D6B100BCD8C1 /* Products */,
			);
			sourceTree = "<group>";
		};
		EC62265D1EE7D6B100BCD8C1 /* Products */ = {
			isa = PBXGroup;
			children = (
				EC62265C1EE7D6B100BCD8C1 /* pro1.app */,
			);
			name = Products;
			sourceTree = "<group>";
		};
		EC62265E1EE7D6B100BCD8C1 /* pro1 */ = {
			isa = PBXGroup;
			children = (
				EC62265F1EE7D6B100BCD8C1 /* AppDelegate.swift */,
				EC6226611EE7D6B100BCD8C1 /* ViewController.swift */,
				EC6226631EE7D6B100BCD8C1 /* Main.storyboard */,
				EC6226691EE7D6B200BCD8C1 /* Assets.xcassets */,
				EC62266B1EE7D6B200BCD8C1 /* LaunchScreen.storyboard */,
				EC62266E1EE7D6B200BCD8C1 /* Info.plist */,
				EC6226661EE7D6B100BCD8C1 /* pro1.xcdatamodeld */,
			);
			path = pro1;
			sourceTree = "<group>";
		};
/* End PBXGroup section */

/* Begin PBXNativeTarget section */
		EC62265B1EE7D6B100BCD8C1 /* pro1 */ = {
			isa = PBXNativeTarget;
			buildConfigurationList = EC6226711EE7D6B200BCD8C1 /* Build configuration list for PBXNativeTarget "pro1" */;
			buildPhases = (
				EC6226581EE7D6B100BCD8C1 /* Sources */,
				EC6226591EE7D6B100BCD8C1 /* Frameworks */,
				EC62265A1EE7D6B100BCD8C1 /* Resources */,
			);
			buildRules = (
			);
			dependencies = (
			);
			name = pro1;
			productName = pro1;
			productReference = EC62265C1EE7D6B100BCD8C1 /* pro1.app */;
			productType = "com.apple.product-type.application";
		};
/* End PBXNativeTarget section */

/* Begin PBXProject section */
		EC6226541EE7D6B100BCD8C1 /* Project object */ = {
			isa = PBXProject;
			attributes = {
				LastSwiftUpdateCheck = 0820;
				LastUpgradeCheck = 0820;
				ORGANIZATIONNAME = Intern;
				TargetAttributes = {
					EC62265B1EE7D6B100BCD8C1 = {
						CreatedOnToolsVersion = 8.2.1;
						DevelopmentTeam = EPRAJ965WT;
						ProvisioningStyle = Automatic;
					};
				};
			};
			buildConfigurationList = EC6226571EE7D6B100BCD8C1 /* Build configuration list for PBXProject "pro1" */;
			compatibilityVersion = "Xcode 3.2";
			developmentRegion = English;
			hasScannedForEncodings = 0;
			knownRegions = (
				en,
				Base,
			);
			mainGroup = EC6226531EE7D6B100BCD8C1;
			productRefGroup = EC62265D1EE7D6B100BCD8C1 /* Products */;
			projectDirPath = "";
			projectRoot = "";
			targets = (
				EC62265B1EE7D6B100BCD8C1 /* pro1 */,
			);
		};
/* End PBXProject section */

/* Begin PBXResourcesBuildPhase section */
		EC62265A1EE7D6B100BCD8C1 /* Resources */ = {
			isa = PBXResourcesBuildPhase;
			buildActionMask = 2147483647;
			files = (
				EC62266D1EE7D6B200BCD8C1 /* LaunchScreen.storyboard in Resources */,
				EC62266A1EE7D6B200BCD8C1 /* Assets.xcassets in Resources */,
				EC6226651EE7D6B100BCD8C1 /* Main.storyboard in Resources */,
			);
			runOnlyForDeploymentPostprocessing = 0;
		};
/* End PBXResourcesBuildPhase section */

/* Begin PBXSourcesBuildPhase section */
		EC6226581EE7D6B100BCD8C1 /* Sources */ = {
			isa = PBXSourcesBuildPhase;
			buildActionMask = 2147483647;
			files = (
				EC6226621EE7D6B100BCD8C1 /* ViewController.swift in Sources */,
				EC6226601EE7D6B100BCD8C1 /* AppDelegate.swift in Sources */,
				EC6226681EE7D6B100BCD8C1 /* pro1.xcdatamodeld in Sources */,
			);
			runOnlyForDeploymentPostprocessing = 0;
		};
/* End PBXSourcesBuildPhase section */

/* Begin PBXVariantGroup section */
		EC6226631EE7D6B100BCD8C1 /* Main.storyboard */ = {
			isa = PBXVariantGroup;
			children = (
				EC6226641EE7D6B100BCD8C1 /* Base */,
			);
			name = Main.storyboard;
			sourceTree = "<group>";
		};
		EC62266B1EE7D6B200BCD8C1 /* LaunchScreen.storyboard */ = {
			isa = PBXVariantGroup;
			children = (
				EC62266C1EE7D6B200BCD8C1 /* Base */,
			);
			name = LaunchScreen.storyboard;
			sourceTree = "<group>";
		};
/* End PBXVariantGroup section */

/* Begin XCBuildConfiguration section */
		EC62266F1EE7D6B200BCD8C1 /* Debug */ = {
			isa = XCBuildConfiguration;
			buildSettings = {
				ALWAYS_SEARCH_USER_PATHS = NO;
				CLANG_ANALYZER_NONNULL = YES;
				CLANG_CXX_LANGUAGE_STANDARD = "gnu++0x";
				CLANG_CXX_LIBRARY = "libc++";
				CLANG_ENABLE_MODULES = YES;
				CLANG_ENABLE_OBJC_ARC = YES;
				CLANG_WARN_BOOL_CONVERSION = YES;
				CLANG_WARN_CONSTANT_CONVERSION = YES;
				CLANG_WARN_DIRECT_OBJC_ISA_USAGE = YES_ERROR;
				CLANG_WARN_DOCUMENTATION_COMMENTS = YES;
				CLANG_WARN_EMPTY_BODY = YES;
				CLANG_WARN_ENUM_CONVERSION = YES;
				CLANG_WARN_INFINITE_RECURSION = YES;
				CLANG_WARN_INT_CONVERSION = YES;
				CLANG_WARN_OBJC_ROOT_CLASS = YES_ERROR;
				CLANG_WARN_SUSPICIOUS_MOVE = YES;
				CLANG_WARN_UNREACHABLE_CODE = YES;
				CLANG_WARN__DUPLICATE_METHOD_MATCH = YES;
				"CODE_SIGN_IDENTITY[sdk=iphoneos*]" = "iPhone Developer";
				COPY_PHASE_STRIP = NO;
				DEBUG_INFORMATION_FORMAT = dwarf;
				ENABLE_STRICT_OBJC_MSGSEND = YES;
				ENABLE_TESTABILITY = YES;
				GCC_C_LANGUAGE_STANDARD = gnu99;
				GCC_DYNAMIC_NO_PIC = NO;
				GCC_NO_COMMON_BLOCKS = YES;
				GCC_OPTIMIZATION_LEVEL = 0;
				GCC_PREPROCESSOR_DEFINITIONS = (
					"DEBUG=1",
					"$(inherited)",
				);
				GCC_WARN_64_TO_32_BIT_CONVERSION = YES;
				GCC_WARN_ABOUT_RETURN_TYPE = YES_ERROR;
				GCC_WARN_UNDECLARED_SELECTOR = YES;
				GCC_WARN_UNINITIALIZED_AUTOS = YES_AGGRESSIVE;
				GCC_WARN_UNUSED_FUNCTION = YES;
				GCC_WARN_UNUSED_VARIABLE = YES;
				IPHONEOS_DEPLOYMENT_TARGET = 10.2;
				MTL_ENABLE_DEBUG_INFO = YES;
				ONLY_ACTIVE_ARCH = YES;
				SDKROOT = iphoneos;
				SWIFT_ACTIVE_COMPILATION_CONDITIONS = DEBUG;
				SWIFT_OPTIMIZATION_LEVEL = "-Onone";
			};
			name = Debug;
		};
		EC6226701EE7D6B200BCD8C1 /* Release */ = {
			isa = XCBuildConfiguration;
			buildSettings = {
				ALWAYS_SEARCH_USER_PATHS = NO;
				CLANG_ANALYZER_NONNULL = YES;
				CLANG_CXX_LANGUAGE_STANDARD = "gnu++0x";
				CLANG_CXX_LIBRARY = "libc++";
				CLANG_ENABLE_MODULES = YES;
				CLANG_ENABLE_OBJC_ARC = YES;
				CLANG_WARN_BOOL_CONVERSION = YES;
				CLANG_WARN_CONSTANT_CONVERSION = YES;
				CLANG_WARN_DIRECT_OBJC_ISA_USAGE = YES_ERROR;
				CLANG_WARN_DOCUMENTATION_COMMENTS = YES;
				CLANG_WARN_EMPTY_BODY = YES;
				CLANG_WARN_ENUM_CONVERSION = YES;
				CLANG_WARN_INFINITE_RECURSION = YES;
				CLANG_WARN_INT_CONVERSION = YES;
				CLANG_WARN_OBJC_ROOT_CLASS = YES_ERROR;
				CLANG_WARN_SUSPICIOUS_MOVE = YES;
				CLANG_WARN_UNREACHABLE_CODE = YES;
				CLANG_WARN__DUPLICATE_METHOD_MATCH = YES;
				"CODE_SIGN_IDENTITY[sdk=iphoneos*]" = "iPhone Developer";
				COPY_PHASE_STRIP = NO;
				DEBUG_INFORMATION_FORMAT = "dwarf-with-dsym";
				ENABLE_NS_ASSERTIONS = NO;
				ENABLE_STRICT_OBJC_MSGSEND = YES;
				GCC_C_LANGUAGE_STANDARD = gnu99;
				GCC_NO_COMMON_BLOCKS = YES;
				GCC_WARN_64_TO_32_BIT_CONVERSION = YES;
				GCC_WARN_ABOUT_RETURN_TYPE = YES_ERROR;
				GCC_WARN_UNDECLARED_SELECTOR = YES;
				GCC_WARN_UNINITIALIZED_AUTOS = YES_AGGRESSIVE;
				GCC_WARN_UNUSED_FUNCTION = YES;
				GCC_WARN_UNUSED_VARIABLE = YES;
				IPHONEOS_DEPLOYMENT_TARGET = 10.2;
				MTL_ENABLE_DEBUG_INFO = NO;
				SDKROOT = iphoneos;
				SWIFT_OPTIMIZATION_LEVEL = "-Owholemodule";
				VALIDATE_PRODUCT = YES;
			};
			name = Release;
		};
		EC6226721EE7D6B200BCD8C1 /* Debug */ = {
			isa = XCBuildConfiguration;
			buildSettings = {
				ASSETCATALOG_COMPILER_APPICON_NAME = AppIcon;
				DEVELOPMENT_TEAM = EPRAJ965WT;
				INFOPLIST_FILE = pro1/Info.plist;
				LD_RUNPATH_SEARCH_PATHS = "$(inherited) @executable_path/Frameworks";
				PRODUCT_BUNDLE_IDENTIFIER = com.intern.pro1;
				PRODUCT_NAME = "$(TARGET_NAME)";
				SWIFT_VERSION = 3.0;
			};
			name = Debug;
		};
		EC6226731EE7D6B200BCD8C1 /* Release */ = {
			isa = XCBuildConfiguration;
			buildSettings = {
				ASSETCATALOG_COMPILER_APPICON_NAME = AppIcon;
				DEVELOPMENT_TEAM = EPRAJ965WT;
				INFOPLIST_FILE = pro1/Info.plist;
				LD_RUNPATH_SEARCH_PATHS = "$(inherited) @executable_path/Frameworks";
				PRODUCT_BUNDLE_IDENTIFIER = com.intern.pro1;
				PRODUCT_NAME = "$(TARGET_NAME)";
				SWIFT_VERSION = 3.0;
			};
			name = Release;
		};
/* End XCBuildConfiguration section */

/* Begin XCConfigurationList section */
		EC6226571EE7D6B100BCD8C1 /* Build configuration list for PBXProject "pro1" */ = {
			isa = XCConfigurationList;
			buildConfigurations = (
				EC62266F1EE7D6B200BCD8C1 /* Debug */,
				EC6226701EE7D6B200BCD8C1 /* Release */,
			);
			defaultConfigurationIsVisible = 0;
			defaultConfigurationName = Release;
		};
		EC6226711EE7D6B200BCD8C1 /* Build configuration list for PBXNativeTarget "pro1" */ = {
			isa = XCConfigurationList;
			buildConfigurations = (
				EC6226721EE7D6B200BCD8C1 /* Debug */,
				EC6226731EE7D6B200BCD8C1 /* Release */,
			);
			defaultConfigurationIsVisible = 0;
		};
/* End XCConfigurationList section */

/* Begin XCVersionGroup section */
		EC6226661EE7D6B100BCD8C1 /* pro1.xcdatamodeld */ = {
			isa = XCVersionGroup;
			children = (
				EC6226671EE7D6B100BCD8C1 /* pro1.xcdatamodel */,
			);
			currentVersion = EC6226671EE7D6B100BCD8C1 /* pro1.xcdatamodel */;
			path = pro1.xcdatamodeld;
			sourceTree = "<group>";
			versionGroupType = wrapper.xcdatamodel;
		};
/* End XCVersionGroup section */
	};
	rootObject = EC6226541EE7D6B100BCD8C1 /* Project object */;
}
